
Microsoft Visual Studio Solution File, Format Version 12.00
# Visual Studio 15
VisualStudioVersion = 15.0.28307.1259
MinimumVisualStudioVersion = 10.0.40219.1
Project("{FAE04EC0-301F-11D3-BF4B-00C04F79EFBC}") = "ApiNoMasAccidentes", "ApiNoMasAccidentes\ApiNoMasAccidentes.csproj", "{81500BE9-1904-4A8F-A957-101695E803A6}"
EndProject
Project("{FAE04EC0-301F-11D3-BF4B-00C04F79EFBC}") = "Test", "Test\Test.csproj", "{6115BCF6-94B7-4779-993B-1D5FDF9DD6BC}"
EndProject
Global
	GlobalSection(SolutionConfigurationPlatforms) = preSolution
		Debug|Any CPU = Debug|Any CPU
		Release|Any CPU = Release|Any CPU
	EndGlobalSection
	GlobalSection(ProjectConfigurationPlatforms) = postSolution
		{81500BE9-1904-4A8F-A957-101695E803A6}.Debug|Any CPU.ActiveCfg = Debug|Any CPU
		{81500BE9-1904-4A8F-A957-101695E803A6}.Debug|Any CPU.Build.0 = Debug|Any CPU
		{81500BE9-1904-4A8F-A957-101695E803A6}.Release|Any CPU.ActiveCfg = Release|Any CPU
		{81500BE9-1904-4A8F-A957-101695E803A6}.Release|Any CPU.Build.0 = Release|Any CPU
		{6115BCF6-94B7-4779-993B-1D5FDF9DD6BC}.Debug|Any CPU.ActiveCfg = Debug|Any CPU
		{6115BCF6-94B7-4779-993B-1D5FDF9DD6BC}.Debug|Any CPU.Build.0 = Debug|Any CPU
		{6115BCF6-94B7-4779-993B-1D5FDF9DD6BC}.Release|Any CPU.ActiveCfg = Release|Any CPU
		{6115BCF6-94B7-4779-993B-1D5FDF9DD6BC}.Release|Any CPU.Build.0 = Release|Any CPU
	EndGlobalSection
	GlobalSection(SolutionProperties) = preSolution
		HideSolutionNode = FALSE
	EndGlobalSection
	GlobalSection(ExtensibilityGlobals) = postSolution
		SolutionGuid = {7DEFB035-5063-4954-9BED-C9B4860B6381}
	EndGlobalSection
EndGlobal
